
Microsoft Visual Studio Solution File, Format Version 12.00
# Visual Studio Version 16
VisualStudioVersion = 16.0.30907.101
MinimumVisualStudioVersion = 10.0.40219.1
Project("{FAE04EC0-301F-11D3-BF4B-00C04F79EFBC}") = "the_gym", "the_gym\the_gym.csproj", "{3A4C8A8D-F3C5-4491-A33F-B8158FD9CFC6}"
EndProject
Global
	GlobalSection(SolutionConfigurationPlatforms) = preSolution
		Debug|Any CPU = Debug|Any CPU
		Release|Any CPU = Release|Any CPU
	EndGlobalSection
	GlobalSection(ProjectConfigurationPlatforms) = postSolution
		{3A4C8A8D-F3C5-4491-A33F-B8158FD9CFC6}.Debug|Any CPU.ActiveCfg = Debug|Any CPU
		{3A4C8A8D-F3C5-4491-A33F-B8158FD9CFC6}.Debug|Any CPU.Build.0 = Debug|Any CPU
		{3A4C8A8D-F3C5-4491-A33F-B8158FD9CFC6}.Release|Any CPU.ActiveCfg = Release|Any CPU
		{3A4C8A8D-F3C5-4491-A33F-B8158FD9CFC6}.Release|Any CPU.Build.0 = Release|Any CPU
	EndGlobalSection
	GlobalSection(SolutionProperties) = preSolution
		HideSolutionNode = FALSE
	EndGlobalSection
	GlobalSection(ExtensibilityGlobals) = postSolution
		SolutionGuid = {3224F245-C237-43BA-9EB5-514EA054D92B}
	EndGlobalSection
EndGlobal
